
Microsoft Visual Studio Solution File, Format Version 12.00
# Visual Studio Version 17
VisualStudioVersion = 17.6.33815.320
MinimumVisualStudioVersion = 10.0.40219.1
Project("{FAE04EC0-301F-11D3-BF4B-00C04F79EFBC}") = "EmpAddrAudit", "EmpAddrAudit\EmpAddrAudit.csproj", "{B1D097B9-D069-412C-8ADA-7B9A4F56F95F}"
EndProject
Global
	GlobalSection(SolutionConfigurationPlatforms) = preSolution
		Debug|Any CPU = Debug|Any CPU
		Release|Any CPU = Release|Any CPU
	EndGlobalSection
	GlobalSection(ProjectConfigurationPlatforms) = postSolution
		{B1D097B9-D069-412C-8ADA-7B9A4F56F95F}.Debug|Any CPU.ActiveCfg = Debug|Any CPU
		{B1D097B9-D069-412C-8ADA-7B9A4F56F95F}.Debug|Any CPU.Build.0 = Debug|Any CPU
		{B1D097B9-D069-412C-8ADA-7B9A4F56F95F}.Release|Any CPU.ActiveCfg = Release|Any CPU
		{B1D097B9-D069-412C-8ADA-7B9A4F56F95F}.Release|Any CPU.Build.0 = Release|Any CPU
	EndGlobalSection
	GlobalSection(SolutionProperties) = preSolution
		HideSolutionNode = FALSE
	EndGlobalSection
	GlobalSection(ExtensibilityGlobals) = postSolution
		SolutionGuid = {9BFDECBD-D14B-4DCA-901B-AF01966467A1}
	EndGlobalSection
EndGlobal
