
Microsoft Visual Studio Solution File, Format Version 12.00
# Visual Studio Version 17
VisualStudioVersion = 17.6.33815.320
MinimumVisualStudioVersion = 10.0.40219.1
Project("{FAE04EC0-301F-11D3-BF4B-00C04F79EFBC}") = "EmployeeAudit", "EmployeeAudit\EmployeeAudit.csproj", "{6ED86C2E-7F95-4F34-9CA9-8BF3A3DFC85E}"
EndProject
Global
	GlobalSection(SolutionConfigurationPlatforms) = preSolution
		Debug|Any CPU = Debug|Any CPU
		Release|Any CPU = Release|Any CPU
	EndGlobalSection
	GlobalSection(ProjectConfigurationPlatforms) = postSolution
		{6ED86C2E-7F95-4F34-9CA9-8BF3A3DFC85E}.Debug|Any CPU.ActiveCfg = Debug|Any CPU
		{6ED86C2E-7F95-4F34-9CA9-8BF3A3DFC85E}.Debug|Any CPU.Build.0 = Debug|Any CPU
		{6ED86C2E-7F95-4F34-9CA9-8BF3A3DFC85E}.Release|Any CPU.ActiveCfg = Release|Any CPU
		{6ED86C2E-7F95-4F34-9CA9-8BF3A3DFC85E}.Release|Any CPU.Build.0 = Release|Any CPU
	EndGlobalSection
	GlobalSection(SolutionProperties) = preSolution
		HideSolutionNode = FALSE
	EndGlobalSection
	GlobalSection(ExtensibilityGlobals) = postSolution
		SolutionGuid = {B455C6D7-7809-4364-BA24-F8E5CFA2C210}
	EndGlobalSection
EndGlobal
